
Microsoft Visual Studio Solution File, Format Version 12.00
# Visual Studio Version 17
VisualStudioVersion = 17.12.35527.113
MinimumVisualStudioVersion = 10.0.40219.1
Project("{FAE04EC0-301F-11D3-BF4B-00C04F79EFBC}") = "DAL", "DAL\DAL.csproj", "{467010DA-6776-496A-90BA-33DF4E82B5BD}"
EndProject
Project("{FAE04EC0-301F-11D3-BF4B-00C04F79EFBC}") = "Entities", "Entities\Entities.csproj", "{007AD612-B26D-408C-A161-60D5A7AFA8DE}"
EndProject
Project("{FAE04EC0-301F-11D3-BF4B-00C04F79EFBC}") = "BLL", "BLL\BLL.csproj", "{12358C95-8277-4F4B-9E12-C1E4BF4D4383}"
EndProject
Project("{FAE04EC0-301F-11D3-BF4B-00C04F79EFBC}") = "SLC", "SLC\SLC.csproj", "{1F1044C4-7903-46EE-B741-15AD698E3D5E}"
EndProject
Project("{FAE04EC0-301F-11D3-BF4B-00C04F79EFBC}") = "Service", "Service\Service.csproj", "{F4B95322-F1A0-4127-9A30-7374B43D8DAE}"
EndProject
Global
	GlobalSection(SolutionConfigurationPlatforms) = preSolution
		Debug|Any CPU = Debug|Any CPU
		Release|Any CPU = Release|Any CPU
	EndGlobalSection
	GlobalSection(ProjectConfigurationPlatforms) = postSolution
		{467010DA-6776-496A-90BA-33DF4E82B5BD}.Debug|Any CPU.ActiveCfg = Debug|Any CPU
		{467010DA-6776-496A-90BA-33DF4E82B5BD}.Debug|Any CPU.Build.0 = Debug|Any CPU
		{467010DA-6776-496A-90BA-33DF4E82B5BD}.Release|Any CPU.ActiveCfg = Release|Any CPU
		{467010DA-6776-496A-90BA-33DF4E82B5BD}.Release|Any CPU.Build.0 = Release|Any CPU
		{007AD612-B26D-408C-A161-60D5A7AFA8DE}.Debug|Any CPU.ActiveCfg = Debug|Any CPU
		{007AD612-B26D-408C-A161-60D5A7AFA8DE}.Debug|Any CPU.Build.0 = Debug|Any CPU
		{007AD612-B26D-408C-A161-60D5A7AFA8DE}.Release|Any CPU.ActiveCfg = Release|Any CPU
		{007AD612-B26D-408C-A161-60D5A7AFA8DE}.Release|Any CPU.Build.0 = Release|Any CPU
		{12358C95-8277-4F4B-9E12-C1E4BF4D4383}.Debug|Any CPU.ActiveCfg = Debug|Any CPU
		{12358C95-8277-4F4B-9E12-C1E4BF4D4383}.Debug|Any CPU.Build.0 = Debug|Any CPU
		{12358C95-8277-4F4B-9E12-C1E4BF4D4383}.Release|Any CPU.ActiveCfg = Release|Any CPU
		{12358C95-8277-4F4B-9E12-C1E4BF4D4383}.Release|Any CPU.Build.0 = Release|Any CPU
		{1F1044C4-7903-46EE-B741-15AD698E3D5E}.Debug|Any CPU.ActiveCfg = Debug|Any CPU
		{1F1044C4-7903-46EE-B741-15AD698E3D5E}.Debug|Any CPU.Build.0 = Debug|Any CPU
		{1F1044C4-7903-46EE-B741-15AD698E3D5E}.Release|Any CPU.ActiveCfg = Release|Any CPU
		{1F1044C4-7903-46EE-B741-15AD698E3D5E}.Release|Any CPU.Build.0 = Release|Any CPU
		{F4B95322-F1A0-4127-9A30-7374B43D8DAE}.Debug|Any CPU.ActiveCfg = Debug|Any CPU
		{F4B95322-F1A0-4127-9A30-7374B43D8DAE}.Debug|Any CPU.Build.0 = Debug|Any CPU
		{F4B95322-F1A0-4127-9A30-7374B43D8DAE}.Release|Any CPU.ActiveCfg = Release|Any CPU
		{F4B95322-F1A0-4127-9A30-7374B43D8DAE}.Release|Any CPU.Build.0 = Release|Any CPU
	EndGlobalSection
	GlobalSection(SolutionProperties) = preSolution
		HideSolutionNode = FALSE
	EndGlobalSection
EndGlobal
